
Microsoft Visual Studio Solution File, Format Version 12.00
# Visual Studio Version 16
VisualStudioVersion = 16.0.30104.148
MinimumVisualStudioVersion = 10.0.40219.1
Project("{FAE04EC0-301F-11D3-BF4B-00C04F79EFBC}") = "Fitness.BL", "Fitness.BL\Fitness.BL.csproj", "{0A9CF51E-9569-4DF3-9D6B-BB7EF74DE321}"
EndProject
Project("{FAE04EC0-301F-11D3-BF4B-00C04F79EFBC}") = "Fitness.CMD", "Fitness.CMD\Fitness.CMD.csproj", "{C9B8A05E-5218-44F5-9456-A94C113A2E5B}"
EndProject
Project("{FAE04EC0-301F-11D3-BF4B-00C04F79EFBC}") = "Fitness.BLTests", "Fitness.BLTests\Fitness.BLTests.csproj", "{ACED4990-A56D-4B0D-8B9A-2FA1BDEE907D}"
EndProject
Global
	GlobalSection(SolutionConfigurationPlatforms) = preSolution
		Debug|Any CPU = Debug|Any CPU
		Release|Any CPU = Release|Any CPU
	EndGlobalSection
	GlobalSection(ProjectConfigurationPlatforms) = postSolution
		{0A9CF51E-9569-4DF3-9D6B-BB7EF74DE321}.Debug|Any CPU.ActiveCfg = Debug|Any CPU
		{0A9CF51E-9569-4DF3-9D6B-BB7EF74DE321}.Debug|Any CPU.Build.0 = Debug|Any CPU
		{0A9CF51E-9569-4DF3-9D6B-BB7EF74DE321}.Release|Any CPU.ActiveCfg = Release|Any CPU
		{0A9CF51E-9569-4DF3-9D6B-BB7EF74DE321}.Release|Any CPU.Build.0 = Release|Any CPU
		{C9B8A05E-5218-44F5-9456-A94C113A2E5B}.Debug|Any CPU.ActiveCfg = Debug|Any CPU
		{C9B8A05E-5218-44F5-9456-A94C113A2E5B}.Debug|Any CPU.Build.0 = Debug|Any CPU
		{C9B8A05E-5218-44F5-9456-A94C113A2E5B}.Release|Any CPU.ActiveCfg = Release|Any CPU
		{C9B8A05E-5218-44F5-9456-A94C113A2E5B}.Release|Any CPU.Build.0 = Release|Any CPU
		{ACED4990-A56D-4B0D-8B9A-2FA1BDEE907D}.Debug|Any CPU.ActiveCfg = Debug|Any CPU
		{ACED4990-A56D-4B0D-8B9A-2FA1BDEE907D}.Debug|Any CPU.Build.0 = Debug|Any CPU
		{ACED4990-A56D-4B0D-8B9A-2FA1BDEE907D}.Release|Any CPU.ActiveCfg = Release|Any CPU
		{ACED4990-A56D-4B0D-8B9A-2FA1BDEE907D}.Release|Any CPU.Build.0 = Release|Any CPU
	EndGlobalSection
	GlobalSection(SolutionProperties) = preSolution
		HideSolutionNode = FALSE
	EndGlobalSection
	GlobalSection(ExtensibilityGlobals) = postSolution
		SolutionGuid = {C4DCBAAD-1B6C-4E70-B06E-BBBDBCBDE348}
	EndGlobalSection
EndGlobal
